
Microsoft Visual Studio Solution File, Format Version 12.00
# Visual Studio Version 17
VisualStudioVersion = 17.3.32922.545
MinimumVisualStudioVersion = 10.0.40219.1
Project("{FAE04EC0-301F-11D3-BF4B-00C04F79EFBC}") = "IT_EXPERT.Test", "IT_EXPERT.Test\IT_EXPERT.Test.csproj", "{6FDED2B1-5EC6-4051-95D2-9EDFB96F7BAE}"
EndProject
Global
	GlobalSection(SolutionConfigurationPlatforms) = preSolution
		Debug|Any CPU = Debug|Any CPU
		Release|Any CPU = Release|Any CPU
	EndGlobalSection
	GlobalSection(ProjectConfigurationPlatforms) = postSolution
		{6FDED2B1-5EC6-4051-95D2-9EDFB96F7BAE}.Debug|Any CPU.ActiveCfg = Debug|Any CPU
		{6FDED2B1-5EC6-4051-95D2-9EDFB96F7BAE}.Debug|Any CPU.Build.0 = Debug|Any CPU
		{6FDED2B1-5EC6-4051-95D2-9EDFB96F7BAE}.Release|Any CPU.ActiveCfg = Release|Any CPU
		{6FDED2B1-5EC6-4051-95D2-9EDFB96F7BAE}.Release|Any CPU.Build.0 = Release|Any CPU
	EndGlobalSection
	GlobalSection(SolutionProperties) = preSolution
		HideSolutionNode = FALSE
	EndGlobalSection
	GlobalSection(ExtensibilityGlobals) = postSolution
		SolutionGuid = {DEFEEE64-61AD-49CB-BC2B-B76507CA5605}
	EndGlobalSection
EndGlobal
